// !$*UTF8*$!
{
	archiveVersion = 1;
	classes = {
	};
	objectVersion = 46;
	objects = {

/* Begin PBXBuildFile section */
		CD711EDC1B48B97B00A6D415 /* main.m in Sources */ = {isa = PBXBuildFile; fileRef = CD711EDB1B48B97B00A6D415 /* main.m */; };
		CD711EDF1B48B97C00A6D415 /* AppDelegate.m in Sources */ = {isa = PBXBuildFile; fileRef = CD711EDE1B48B97C00A6D415 /* AppDelegate.m */; };
		CD711EE21B48B97C00A6D415 /* ViewController.m in Sources */ = {isa = PBXBuildFile; fileRef = CD711EE11B48B97C00A6D415 /* ViewController.m */; };
		CD711EE51B48B97C00A6D415 /* Main.storyboard in Resources */ = {isa = PBXBuildFile; fileRef = CD711EE31B48B97C00A6D415 /* Main.storyboard */; };
		CD711EE71B48B97C00A6D415 /* Images.xcassets in Resources */ = {isa = PBXBuildFile; fileRef = CD711EE61B48B97C00A6D415 /* Images.xcassets */; };
		CD711EEA1B48B97C00A6D415 /* LaunchScreen.xib in Resources */ = {isa = PBXBuildFile; fileRef = CD711EE81B48B97C00A6D415 /* LaunchScreen.xib */; };
		CD711EF61B48B97C00A6D415 /* MyFirstAppTests.m in Sources */ = {isa = PBXBuildFile; fileRef = CD711EF51B48B97C00A6D415 /* MyFirstAppTests.m */; };
		CD711F011B48BD2100A6D415 /* ModalViewController.m in Sources */ = {isa = PBXBuildFile; fileRef = CD711F001B48BD2100A6D415 /* ModalViewController.m */; };
/* End PBXBuildFile section */

/* Begin PBXContainerItemProxy section */
		CD711EF01B48B97C00A6D415 /* PBXContainerItemProxy */ = {
			isa = PBXContainerItemProxy;
			containerPortal = CD711ECE1B48B97B00A6D415 /* Project object */;
			proxyType = 1;
			remoteGlobalIDString = CD711ED51B48B97B00A6D415;
			remoteInfo = MyFirstApp;
		};
/* End PBXContainerItemProxy section */

/* Begin PBXFileReference section */
		CD711ED61B48B97B00A6D415 /* MyFirstApp.app */ = {isa = PBXFileReference; explicitFileType = wrapper.application; includeInIndex = 0; path = MyFirstApp.app; sourceTree = BUILT_PRODUCTS_DIR; };
		CD711EDA1B48B97B00A6D415 /* Info.plist */ = {isa = PBXFileReference; lastKnownFileType = text.plist.xml; path = Info.plist; sourceTree = "<group>"; };
		CD711EDB1B48B97B00A6D415 /* main.m */ = {isa = PBXFileReference; lastKnownFileType = sourcecode.c.objc; path = main.m; sourceTree = "<group>"; };
		CD711EDD1B48B97C00A6D415 /* AppDelegate.h */ = {isa = PBXFileReference; lastKnownFileType = sourcecode.c.h; path = AppDelegate.h; sourceTree = "<group>"; };
		CD711EDE1B48B97C00A6D415 /* AppDelegate.m */ = {isa = PBXFileReference; lastKnownFileType = sourcecode.c.objc; path = AppDelegate.m; sourceTree = "<group>"; };
		CD711EE01B48B97C00A6D415 /* ViewController.h */ = {isa = PBXFileReference; lastKnownFileType = sourcecode.c.h; path = ViewController.h; sourceTree = "<group>"; };
		CD711EE11B48B97C00A6D415 /* ViewController.m */ = {isa = PBXFileReference; lastKnownFileType = sourcecode.c.objc; path = ViewController.m; sourceTree = "<group>"; };
		CD711EE41B48B97C00A6D415 /* Base */ = {isa = PBXFileReference; lastKnownFileType = file.storyboard; name = Base; path = Base.lproj/Main.storyboard; sourceTree = "<group>"; };
		CD711EE61B48B97C00A6D415 /* Images.xcassets */ = {isa = PBXFileReference; lastKnownFileType = folder.assetcatalog; path = Images.xcassets; sourceTree = "<group>"; };
		CD711EE91B48B97C00A6D415 /* Base */ = {isa = PBXFileReference; lastKnownFileType = file.xib; name = Base; path = Base.lproj/LaunchScreen.xib; sourceTree = "<group>"; };
		CD711EEF1B48B97C00A6D415 /* MyFirstAppTests.xctest */ = {isa = PBXFileReference; explicitFileType = wrapper.cfbundle; includeInIndex = 0; path = MyFirstAppTests.xctest; sourceTree = BUILT_PRODUCTS_DIR; };
		CD711EF41B48B97C00A6D415 /* Info.plist */ = {isa = PBXFileReference; lastKnownFileType = text.plist.xml; path = Info.plist; sourceTree = "<group>"; };
		CD711EF51B48B97C00A6D415 /* MyFirstAppTests.m */ = {isa = PBXFileReference; lastKnownFileType = sourcecode.c.objc; path = MyFirstAppTests.m; sourceTree = "<group>"; };
		CD711EFF1B48BD2100A6D415 /* ModalViewController.h */ = {isa = PBXFileReference; fileEncoding = 4; lastKnownFileType = sourcecode.c.h; path = ModalViewController.h; sourceTree = "<group>"; };
		CD711F001B48BD2100A6D415 /* ModalViewController.m */ = {isa = PBXFileReference; fileEncoding = 4; lastKnownFileType = sourcecode.c.objc; path = ModalViewController.m; sourceTree = "<group>"; };
/* End PBXFileReference section */

/* Begin PBXFrameworksBuildPhase section */
		CD711ED31B48B97B00A6D415 /* Frameworks */ = {
			isa = PBXFrameworksBuildPhase;
			buildActionMask = 2147483647;
			files = (
			);
			runOnlyForDeploymentPostprocessing = 0;
		};
		CD711EEC1B48B97C00A6D415 /* Frameworks */ = {
			isa = PBXFrameworksBuildPhase;
			buildActionMask = 2147483647;
			files = (
			);
			runOnlyForDeploymentPostprocessing = 0;
		};
/* End PBXFrameworksBuildPhase section */

/* Begin PBXGroup section */
		CD711ECD1B48B97B00A6D415 = {
			isa = PBXGroup;
			children = (
				CD711ED81B48B97B00A6D415 /* MyFirstApp */,
				CD711EF21B48B97C00A6D415 /* MyFirstAppTests */,
				CD711ED71B48B97B00A6D415 /* Products */,
			);
			sourceTree = "<group>";
		};
		CD711ED71B48B97B00A6D415 /* Products */ = {
			isa = PBXGroup;
			children = (
				CD711ED61B48B97B00A6D415 /* MyFirstApp.app */,
				CD711EEF1B48B97C00A6D415 /* MyFirstAppTests.xctest */,
			);
			name = Products;
			sourceTree = "<group>";
		};
		CD711ED81B48B97B00A6D415 /* MyFirstApp */ = {
			isa = PBXGroup;
			children = (
				CD711EDD1B48B97C00A6D415 /* AppDelegate.h */,
				CD711EDE1B48B97C00A6D415 /* AppDelegate.m */,
				CD711EE01B48B97C00A6D415 /* ViewController.h */,
				CD711EE11B48B97C00A6D415 /* ViewController.m */,
				CD711EE31B48B97C00A6D415 /* Main.storyboard */,
				CD711EFF1B48BD2100A6D415 /* ModalViewController.h */,
				CD711F001B48BD2100A6D415 /* ModalViewController.m */,
				CD711EE61B48B97C00A6D415 /* Images.xcassets */,
				CD711EE81B48B97C00A6D415 /* LaunchScreen.xib */,
				CD711ED91B48B97B00A6D415 /* Supporting Files */,
			);
			path = MyFirstApp;
			sourceTree = "<group>";
		};
		CD711ED91B48B97B00A6D415 /* Supporting Files */ = {
			isa = PBXGroup;
			children = (
				CD711EDA1B48B97B00A6D415 /* Info.plist */,
				CD711EDB1B48B97B00A6D415 /* main.m */,
			);
			name = "Supporting Files";
			sourceTree = "<group>";
		};
		CD711EF21B48B97C00A6D415 /* MyFirstAppTests */ = {
			isa = PBXGroup;
			children = (
				CD711EF51B48B97C00A6D415 /* MyFirstAppTests.m */,
				CD711EF31B48B97C00A6D415 /* Supporting Files */,
			);
			path = MyFirstAppTests;
			sourceTree = "<group>";
		};
		CD711EF31B48B97C00A6D415 /* Supporting Files */ = {
			isa = PBXGroup;
			children = (
				CD711EF41B48B97C00A6D415 /* Info.plist */,
			);
			name = "Supporting Files";
			sourceTree = "<group>";
		};
/* End PBXGroup section */

/* Begin PBXNativeTarget section */
		CD711ED51B48B97B00A6D415 /* MyFirstApp */ = {
			isa = PBXNativeTarget;
			buildConfigurationList = CD711EF91B48B97C00A6D415 /* Build configuration list for PBXNativeTarget "MyFirstApp" */;
			buildPhases = (
				CD711ED21B48B97B00A6D415 /* Sources */,
				CD711ED31B48B97B00A6D415 /* Frameworks */,
				CD711ED41B48B97B00A6D415 /* Resources */,
			);
			buildRules = (
			);
			dependencies = (
			);
			name = MyFirstApp;
			productName = MyFirstApp;
			productReference = CD711ED61B48B97B00A6D415 /* MyFirstApp.app */;
			productType = "com.apple.product-type.application";
		};
		CD711EEE1B48B97C00A6D415 /* MyFirstAppTests */ = {
			isa = PBXNativeTarget;
			buildConfigurationList = CD711EFC1B48B97C00A6D415 /* Build configuration list for PBXNativeTarget "MyFirstAppTests" */;
			buildPhases = (
				CD711EEB1B48B97C00A6D415 /* Sources */,
				CD711EEC1B48B97C00A6D415 /* Frameworks */,
				CD711EED1B48B97C00A6D415 /* Resources */,
			);
			buildRules = (
			);
			dependencies = (
				CD711EF11B48B97C00A6D415 /* PBXTargetDependency */,
			);
			name = MyFirstAppTests;
			productName = MyFirstAppTests;
			productReference = CD711EEF1B48B97C00A6D415 /* MyFirstAppTests.xctest */;
			productType = "com.apple.product-type.bundle.unit-test";
		};
/* End PBXNativeTarget section */

/* Begin PBXProject section */
		CD711ECE1B48B97B00A6D415 /* Project object */ = {
			isa = PBXProject;
			attributes = {
				LastUpgradeCheck = 0620;
				ORGANIZATIONNAME = astrotom;
				TargetAttributes = {
					CD711ED51B48B97B00A6D415 = {
						CreatedOnToolsVersion = 6.2;
					};
					CD711EEE1B48B97C00A6D415 = {
						CreatedOnToolsVersion = 6.2;
						TestTargetID = CD711ED51B48B97B00A6D415;
					};
				};
			};
			buildConfigurationList = CD711ED11B48B97B00A6D415 /* Build configuration list for PBXProject "MyFirstApp" */;
			compatibilityVersion = "Xcode 3.2";
			developmentRegion = English;
			hasScannedForEncodings = 0;
			knownRegions = (
				en,
				Base,
			);
			mainGroup = CD711ECD1B48B97B00A6D415;
			productRefGroup = CD711ED71B48B97B00A6D415 /* Products */;
			projectDirPath = "";
			projectRoot = "";
			targets = (
				CD711ED51B48B97B00A6D415 /* MyFirstApp */,
				CD711EEE1B48B97C00A6D415 /* MyFirstAppTests */,
			);
		};
/* End PBXProject section */

/* Begin PBXResourcesBuildPhase section */
		CD711ED41B48B97B00A6D415 /* Resources */ = {
			isa = PBXResourcesBuildPhase;
			buildActionMask = 2147483647;
			files = (
				CD711EE51B48B97C00A6D415 /* Main.storyboard in Resources */,
				CD711EEA1B48B97C00A6D415 /* LaunchScreen.xib in Resources */,
				CD711EE71B48B97C00A6D415 /* Images.xcassets in Resources */,
			);
			runOnlyForDeploymentPostprocessing = 0;
		};
		CD711EED1B48B97C00A6D415 /* Resources */ = {
			isa = PBXResourcesBuildPhase;
			buildActionMask = 2147483647;
			files = (
			);
			runOnlyForDeploymentPostprocessing = 0;
		};
/* End PBXResourcesBuildPhase section */

/* Begin PBXSourcesBuildPhase section */
		CD711ED21B48B97B00A6D415 /* Sources */ = {
			isa = PBXSourcesBuildPhase;
			buildActionMask = 2147483647;
			files = (
				CD711F011B48BD2100A6D415 /* ModalViewController.m in Sources */,
				CD711EE21B48B97C00A6D415 /* ViewController.m in Sources */,
				CD711EDF1B48B97C00A6D415 /* AppDelegate.m in Sources */,
				CD711EDC1B48B97B00A6D415 /* main.m in Sources */,
			);
			runOnlyForDeploymentPostprocessing = 0;
		};
		CD711EEB1B48B97C00A6D415 /* Sources */ = {
			isa = PBXSourcesBuildPhase;
			buildActionMask = 2147483647;
			files = (
				CD711EF61B48B97C00A6D415 /* MyFirstAppTests.m in Sources */,
			);
			runOnlyForDeploymentPostprocessing = 0;
		};
/* End PBXSourcesBuildPhase section */

/* Begin PBXTargetDependency section */
		CD711EF11B48B97C00A6D415 /* PBXTargetDependency */ = {
			isa = PBXTargetDependency;
			target = CD711ED51B48B97B00A6D415 /* MyFirstApp */;
			targetProxy = CD711EF01B48B97C00A6D415 /* PBXContainerItemProxy */;
		};
/* End PBXTargetDependency section */

/* Begin PBXVariantGroup section */
		CD711EE31B48B97C00A6D415 /* Main.storyboard */ = {
			isa = PBXVariantGroup;
			children = (
				CD711EE41B48B97C00A6D415 /* Base */,
			);
			name = Main.storyboard;
			sourceTree = "<group>";
		};
		CD711EE81B48B97C00A6D415 /* LaunchScreen.xib */ = {
			isa = PBXVariantGroup;
			children = (
				CD711EE91B48B97C00A6D415 /* Base */,
			);
			name = LaunchScreen.xib;
			sourceTree = "<group>";
		};
/* End PBXVariantGroup section */

/* Begin XCBuildConfiguration section */
		CD711EF71B48B97C00A6D415 /* Debug */ = {
			isa = XCBuildConfiguration;
			buildSettings = {
				ALWAYS_SEARCH_USER_PATHS = NO;
				CLANG_CXX_LANGUAGE_STANDARD = "gnu++0x";
				CLANG_CXX_LIBRARY = "libc++";
				CLANG_ENABLE_MODULES = YES;
				CLANG_ENABLE_OBJC_ARC = YES;
				CLANG_WARN_BOOL_CONVERSION = YES;
				CLANG_WARN_CONSTANT_CONVERSION = YES;
				CLANG_WARN_DIRECT_OBJC_ISA_USAGE = YES_ERROR;
				CLANG_WARN_EMPTY_BODY = YES;
				CLANG_WARN_ENUM_CONVERSION = YES;
				CLANG_WARN_INT_CONVERSION = YES;
				CLANG_WARN_OBJC_ROOT_CLASS = YES_ERROR;
				CLANG_WARN_UNREACHABLE_CODE = YES;
				CLANG_WARN__DUPLICATE_METHOD_MATCH = YES;
				"CODE_SIGN_IDENTITY[sdk=iphoneos*]" = "iPhone Developer";
				COPY_PHASE_STRIP = NO;
				ENABLE_STRICT_OBJC_MSGSEND = YES;
				GCC_C_LANGUAGE_STANDARD = gnu99;
				GCC_DYNAMIC_NO_PIC = NO;
				GCC_OPTIMIZATION_LEVEL = 0;
				GCC_PREPROCESSOR_DEFINITIONS = (
					"DEBUG=1",
					"$(inherited)",
				);
				GCC_SYMBOLS_PRIVATE_EXTERN = NO;
				GCC_WARN_64_TO_32_BIT_CONVERSION = YES;
				GCC_WARN_ABOUT_RETURN_TYPE = YES_ERROR;
				GCC_WARN_UNDECLARED_SELECTOR = YES;
				GCC_WARN_UNINITIALIZED_AUTOS = YES_AGGRESSIVE;
				GCC_WARN_UNUSED_FUNCTION = YES;
				GCC_WARN_UNUSED_VARIABLE = YES;
				IPHONEOS_DEPLOYMENT_TARGET = 8.2;
				MTL_ENABLE_DEBUG_INFO = YES;
				ONLY_ACTIVE_ARCH = YES;
				SDKROOT = iphoneos;
			};
			name = Debug;
		};
		CD711EF81B48B97C00A6D415 /* Release */ = {
			isa = XCBuildConfiguration;
			buildSettings = {
				ALWAYS_SEARCH_USER_PATHS = NO;
				CLANG_CXX_LANGUAGE_STANDARD = "gnu++0x";
				CLANG_CXX_LIBRARY = "libc++";
				CLANG_ENABLE_MODULES = YES;
				CLANG_ENABLE_OBJC_ARC = YES;
				CLANG_WARN_BOOL_CONVERSION = YES;
				CLANG_WARN_CONSTANT_CONVERSION = YES;
				CLANG_WARN_DIRECT_OBJC_ISA_USAGE = YES_ERROR;
				CLANG_WARN_EMPTY_BODY = YES;
				CLANG_WARN_ENUM_CONVERSION = YES;
				CLANG_WARN_INT_CONVERSION = YES;
				CLANG_WARN_OBJC_ROOT_CLASS = YES_ERROR;
				CLANG_WARN_UNREACHABLE_CODE = YES;
				CLANG_WARN__DUPLICATE_METHOD_MATCH = YES;
				"CODE_SIGN_IDENTITY[sdk=iphoneos*]" = "iPhone Developer";
				COPY_PHASE_STRIP = NO;
				ENABLE_NS_ASSERTIONS = NO;
				ENABLE_STRICT_OBJC_MSGSEND = YES;
				GCC_C_LANGUAGE_STANDARD = gnu99;
				GCC_WARN_64_TO_32_BIT_CONVERSION = YES;
				GCC_WARN_ABOUT_RETURN_TYPE = YES_ERROR;
				GCC_WARN_UNDECLARED_SELECTOR = YES;
				GCC_WARN_UNINITIALIZED_AUTOS = YES_AGGRESSIVE;
				GCC_WARN_UNUSED_FUNCTION = YES;
				GCC_WARN_UNUSED_VARIABLE = YES;
				IPHONEOS_DEPLOYMENT_TARGET = 8.2;
				MTL_ENABLE_DEBUG_INFO = NO;
				SDKROOT = iphoneos;
				VALIDATE_PRODUCT = YES;
			};
			name = Release;
		};
		CD711EFA1B48B97C00A6D415 /* Debug */ = {
			isa = XCBuildConfiguration;
			buildSettings = {
				ASSETCATALOG_COMPILER_APPICON_NAME = AppIcon;
				INFOPLIST_FILE = MyFirstApp/Info.plist;
				LD_RUNPATH_SEARCH_PATHS = "$(inherited) @executable_path/Frameworks";
				PRODUCT_NAME = "$(TARGET_NAME)";
			};
			name = Debug;
		};
		CD711EFB1B48B97C00A6D415 /* Release */ = {
			isa = XCBuildConfiguration;
			buildSettings = {
				ASSETCATALOG_COMPILER_APPICON_NAME = AppIcon;
				INFOPLIST_FILE = MyFirstApp/Info.plist;
				LD_RUNPATH_SEARCH_PATHS = "$(inherited) @executable_path/Frameworks";
				PRODUCT_NAME = "$(TARGET_NAME)";
			};
			name = Release;
		};
		CD711EFD1B48B97C00A6D415 /* Debug */ = {
			isa = XCBuildConfiguration;
			buildSettings = {
				BUNDLE_LOADER = "$(TEST_HOST)";
				FRAMEWORK_SEARCH_PATHS = (
					"$(SDKROOT)/Developer/Library/Frameworks",
					"$(inherited)",
				);
				GCC_PREPROCESSOR_DEFINITIONS = (
					"DEBUG=1",
					"$(inherited)",
				);
				INFOPLIST_FILE = MyFirstAppTests/Info.plist;
				LD_RUNPATH_SEARCH_PATHS = "$(inherited) @executable_path/Frameworks @loader_path/Frameworks";
				PRODUCT_NAME = "$(TARGET_NAME)";
				TEST_HOST = "$(BUILT_PRODUCTS_DIR)/MyFirstApp.app/MyFirstApp";
			};
			name = Debug;
		};
		CD711EFE1B48B97C00A6D415 /* Release */ = {
			isa = XCBuildConfiguration;
			buildSettings = {
				BUNDLE_LOADER = "$(TEST_HOST)";
				FRAMEWORK_SEARCH_PATHS = (
					"$(SDKROOT)/Developer/Library/Frameworks",
					"$(inherited)",
				);
				INFOPLIST_FILE = MyFirstAppTests/Info.plist;
				LD_RUNPATH_SEARCH_PATHS = "$(inherited) @executable_path/Frameworks @loader_path/Frameworks";
				PRODUCT_NAME = "$(TARGET_NAME)";
				TEST_HOST = "$(BUILT_PRODUCTS_DIR)/MyFirstApp.app/MyFirstApp";
			};
			name = Release;
		};
/* End XCBuildConfiguration section */

/* Begin XCConfigurationList section */
		CD711ED11B48B97B00A6D415 /* Build configuration list for PBXProject "MyFirstApp" */ = {
			isa = XCConfigurationList;
			buildConfigurations = (
				CD711EF71B48B97C00A6D415 /* Debug */,
				CD711EF81B48B97C00A6D415 /* Release */,
			);
			defaultConfigurationIsVisible = 0;
			defaultConfigurationName = Release;
		};
		CD711EF91B48B97C00A6D415 /* Build configuration list for PBXNativeTarget "MyFirstApp" */ = {
			isa = XCConfigurationList;
			buildConfigurations = (
				CD711EFA1B48B97C00A6D415 /* Debug */,
				CD711EFB1B48B97C00A6D415 /* Release */,
			);
			defaultConfigurationIsVisible = 0;
		};
		CD711EFC1B48B97C00A6D415 /* Build configuration list for PBXNativeTarget "MyFirstAppTests" */ = {
			isa = XCConfigurationList;
			buildConfigurations = (
				CD711EFD1B48B97C00A6D415 /* Debug */,
				CD711EFE1B48B97C00A6D415 /* Release */,
			);
			defaultConfigurationIsVisible = 0;
		};
/* End XCConfigurationList section */
	};
	rootObject = CD711ECE1B48B97B00A6D415 /* Project object */;
}
